// !$*UTF8*$!
{
	archiveVersion = 1;
	classes = {
	};
	objectVersion = 54;
	objects = {

/* Begin PBXBuildFile section */
		1D21368940AA08F60EDB962E /* Pods_Food_Delivery_Viper.framework in Frameworks */ = {isa = PBXBuildFile; fileRef = 4272C1320C4846C895EF48A5 /* Pods_Food_Delivery_Viper.framework */; };
		2F8D352E279C1A640038A961 /* AppDelegate.swift in Sources */ = {isa = PBXBuildFile; fileRef = 2F8D352D279C1A640038A961 /* AppDelegate.swift */; };
		2F8D3530279C1A640038A961 /* SceneDelegate.swift in Sources */ = {isa = PBXBuildFile; fileRef = 2F8D352F279C1A640038A961 /* SceneDelegate.swift */; };
		2F8D3532279C1A640038A961 /* ViewController.swift in Sources */ = {isa = PBXBuildFile; fileRef = 2F8D3531279C1A640038A961 /* ViewController.swift */; };
		2F8D3535279C1A640038A961 /* Main.storyboard in Resources */ = {isa = PBXBuildFile; fileRef = 2F8D3533279C1A640038A961 /* Main.storyboard */; };
		2F8D3537279C1A670038A961 /* Assets.xcassets in Resources */ = {isa = PBXBuildFile; fileRef = 2F8D3536279C1A670038A961 /* Assets.xcassets */; };
		2F8D353A279C1A670038A961 /* LaunchScreen.storyboard in Resources */ = {isa = PBXBuildFile; fileRef = 2F8D3538279C1A670038A961 /* LaunchScreen.storyboard */; };
/* End PBXBuildFile section */

/* Begin PBXFileReference section */
		177D113F811BBD8875FDD741 /* Pods-Food Delivery Viper.release.xcconfig */ = {isa = PBXFileReference; includeInIndex = 1; lastKnownFileType = text.xcconfig; name = "Pods-Food Delivery Viper.release.xcconfig"; path = "Target Support Files/Pods-Food Delivery Viper/Pods-Food Delivery Viper.release.xcconfig"; sourceTree = "<group>"; };
		2F8D352A279C1A640038A961 /* Food Delivery Viper.app */ = {isa = PBXFileReference; explicitFileType = wrapper.application; includeInIndex = 0; path = "Food Delivery Viper.app"; sourceTree = BUILT_PRODUCTS_DIR; };
		2F8D352D279C1A640038A961 /* AppDelegate.swift */ = {isa = PBXFileReference; lastKnownFileType = sourcecode.swift; path = AppDelegate.swift; sourceTree = "<group>"; };
		2F8D352F279C1A640038A961 /* SceneDelegate.swift */ = {isa = PBXFileReference; lastKnownFileType = sourcecode.swift; path = SceneDelegate.swift; sourceTree = "<group>"; };
		2F8D3531279C1A640038A961 /* ViewController.swift */ = {isa = PBXFileReference; lastKnownFileType = sourcecode.swift; path = ViewController.swift; sourceTree = "<group>"; };
		2F8D3534279C1A640038A961 /* Base */ = {isa = PBXFileReference; lastKnownFileType = file.storyboard; name = Base; path = Base.lproj/Main.storyboard; sourceTree = "<group>"; };
		2F8D3536279C1A670038A961 /* Assets.xcassets */ = {isa = PBXFileReference; lastKnownFileType = folder.assetcatalog; path = Assets.xcassets; sourceTree = "<group>"; };
		2F8D3539279C1A670038A961 /* Base */ = {isa = PBXFileReference; lastKnownFileType = file.storyboard; name = Base; path = Base.lproj/LaunchScreen.storyboard; sourceTree = "<group>"; };
		2F8D353B279C1A670038A961 /* Info.plist */ = {isa = PBXFileReference; lastKnownFileType = text.plist.xml; path = Info.plist; sourceTree = "<group>"; };
		4272C1320C4846C895EF48A5 /* Pods_Food_Delivery_Viper.framework */ = {isa = PBXFileReference; explicitFileType = wrapper.framework; includeInIndex = 0; path = Pods_Food_Delivery_Viper.framework; sourceTree = BUILT_PRODUCTS_DIR; };
		49A1A8BA6A09A9187FAC9AC4 /* Pods-Food Delivery Viper.debug.xcconfig */ = {isa = PBXFileReference; includeInIndex = 1; lastKnownFileType = text.xcconfig; name = "Pods-Food Delivery Viper.debug.xcconfig"; path = "Target Support Files/Pods-Food Delivery Viper/Pods-Food Delivery Viper.debug.xcconfig"; sourceTree = "<group>"; };
/* End PBXFileReference section */

/* Begin PBXFrameworksBuildPhase section */
		2F8D3527279C1A640038A961 /* Frameworks */ = {
			isa = PBXFrameworksBuildPhase;
			buildActionMask = 2147483647;
			files = (
				1D21368940AA08F60EDB962E /* Pods_Food_Delivery_Viper.framework in Frameworks */,
			);
			runOnlyForDeploymentPostprocessing = 0;
		};
/* End PBXFrameworksBuildPhase section */

/* Begin PBXGroup section */
		2F455780279C4BA300118A9A /* Home Controller */ = {
			isa = PBXGroup;
			children = (
				2F455785279C4C8600118A9A /* Router */,
				2F455784279C4C7800118A9A /* Entity */,
				2F455783279C4C5C00118A9A /* Presentor */,
				2F455782279C4C4300118A9A /* View */,
				2F455781279C4C3E00118A9A /* Interactor */,
			);
			path = "Home Controller";
			sourceTree = "<group>";
		};
		2F455781279C4C3E00118A9A /* Interactor */ = {
			isa = PBXGroup;
			children = (
			);
			name = Interactor;
			path = "New Group";
			sourceTree = "<group>";
		};
		2F455782279C4C4300118A9A /* View */ = {
			isa = PBXGroup;
			children = (
			);
			name = View;
			sourceTree = "<group>";
		};
		2F455783279C4C5C00118A9A /* Presentor */ = {
			isa = PBXGroup;
			children = (
			);
			name = Presentor;
			path = "New Group";
			sourceTree = "<group>";
		};
		2F455784279C4C7800118A9A /* Entity */ = {
			isa = PBXGroup;
			children = (
			);
			name = Entity;
			sourceTree = "<group>";
		};
		2F455785279C4C8600118A9A /* Router */ = {
			isa = PBXGroup;
			children = (
			);
			name = Router;
			sourceTree = "<group>";
		};
		2F8D3521279C1A640038A961 = {
			isa = PBXGroup;
			children = (
				2F8D352C279C1A640038A961 /* Food Delivery Viper */,
				2F8D352B279C1A640038A961 /* Products */,
				B942769DC29ABB7C1EF4B1AA /* Pods */,
				4D476A73582190858484F2FA /* Frameworks */,
			);
			sourceTree = "<group>";
		};
		2F8D352B279C1A640038A961 /* Products */ = {
			isa = PBXGroup;
			children = (
				2F8D352A279C1A640038A961 /* Food Delivery Viper.app */,
			);
			name = Products;
			sourceTree = "<group>";
		};
		2F8D352C279C1A640038A961 /* Food Delivery Viper */ = {
			isa = PBXGroup;
			children = (
				2F455780279C4BA300118A9A /* Home Controller */,
				2F8D352D279C1A640038A961 /* AppDelegate.swift */,
				2F8D352F279C1A640038A961 /* SceneDelegate.swift */,
				2F8D3531279C1A640038A961 /* ViewController.swift */,
				2F8D3533279C1A640038A961 /* Main.storyboard */,
				2F8D3536279C1A670038A961 /* Assets.xcassets */,
				2F8D3538279C1A670038A961 /* LaunchScreen.storyboard */,
				2F8D353B279C1A670038A961 /* Info.plist */,
			);
			path = "Food Delivery Viper";
			sourceTree = "<group>";
		};
		4D476A73582190858484F2FA /* Frameworks */ = {
			isa = PBXGroup;
			children = (
				4272C1320C4846C895EF48A5 /* Pods_Food_Delivery_Viper.framework */,
			);
			name = Frameworks;
			sourceTree = "<group>";
		};
		B942769DC29ABB7C1EF4B1AA /* Pods */ = {
			isa = PBXGroup;
			children = (
				49A1A8BA6A09A9187FAC9AC4 /* Pods-Food Delivery Viper.debug.xcconfig */,
				177D113F811BBD8875FDD741 /* Pods-Food Delivery Viper.release.xcconfig */,
			);
			path = Pods;
			sourceTree = "<group>";
		};
/* End PBXGroup section */

/* Begin PBXNativeTarget section */
		2F8D3529279C1A640038A961 /* Food Delivery Viper */ = {
			isa = PBXNativeTarget;
			buildConfigurationList = 2F8D353E279C1A670038A961 /* Build configuration list for PBXNativeTarget "Food Delivery Viper" */;
			buildPhases = (
				DAC3C23AD7E887EFB12F4C39 /* [CP] Check Pods Manifest.lock */,
				2F8D3526279C1A640038A961 /* Sources */,
				2F8D3527279C1A640038A961 /* Frameworks */,
				2F8D3528279C1A640038A961 /* Resources */,
				7A183BBEAEA51CE14F5C5FE2 /* [CP] Copy Pods Resources */,
			);
			buildRules = (
			);
			dependencies = (
			);
			name = "Food Delivery Viper";
			productName = "Food Delivery Viper";
			productReference = 2F8D352A279C1A640038A961 /* Food Delivery Viper.app */;
			productType = "com.apple.product-type.application";
		};
/* End PBXNativeTarget section */

/* Begin PBXProject section */
		2F8D3522279C1A640038A961 /* Project object */ = {
			isa = PBXProject;
			attributes = {
				BuildIndependentTargetsInParallel = 1;
				LastSwiftUpdateCheck = 1320;
				LastUpgradeCheck = 1320;
				TargetAttributes = {
					2F8D3529279C1A640038A961 = {
						CreatedOnToolsVersion = 13.2.1;
					};
				};
			};
			buildConfigurationList = 2F8D3525279C1A640038A961 /* Build configuration list for PBXProject "Food Delivery Viper" */;
			compatibilityVersion = "Xcode 12.0";
			developmentRegion = en;
			hasScannedForEncodings = 0;
			knownRegions = (
				en,
				Base,
			);
			mainGroup = 2F8D3521279C1A640038A961;
			productRefGroup = 2F8D352B279C1A640038A961 /* Products */;
			projectDirPath = "";
			projectRoot = "";
			targets = (
				2F8D3529279C1A640038A961 /* Food Delivery Viper */,
			);
		};
/* End PBXProject section */

/* Begin PBXResourcesBuildPhase section */
		2F8D3528279C1A640038A961 /* Resources */ = {
			isa = PBXResourcesBuildPhase;
			buildActionMask = 2147483647;
			files = (
				2F8D353A279C1A670038A961 /* LaunchScreen.storyboard in Resources */,
				2F8D3537279C1A670038A961 /* Assets.xcassets in Resources */,
				2F8D3535279C1A640038A961 /* Main.storyboard in Resources */,
			);
			runOnlyForDeploymentPostprocessing = 0;
		};
/* End PBXResourcesBuildPhase section */

/* Begin PBXShellScriptBuildPhase section */
		7A183BBEAEA51CE14F5C5FE2 /* [CP] Copy Pods Resources */ = {
			isa = PBXShellScriptBuildPhase;
			buildActionMask = 2147483647;
			files = (
			);
			inputFileListPaths = (
				"${PODS_ROOT}/Target Support Files/Pods-Food Delivery Viper/Pods-Food Delivery Viper-resources-${CONFIGURATION}-input-files.xcfilelist",
			);
			name = "[CP] Copy Pods Resources";
			outputFileListPaths = (
				"${PODS_ROOT}/Target Support Files/Pods-Food Delivery Viper/Pods-Food Delivery Viper-resources-${CONFIGURATION}-output-files.xcfilelist",
			);
			runOnlyForDeploymentPostprocessing = 0;
			shellPath = /bin/sh;
			shellScript = "\"${PODS_ROOT}/Target Support Files/Pods-Food Delivery Viper/Pods-Food Delivery Viper-resources.sh\"\n";
			showEnvVarsInLog = 0;
		};
		DAC3C23AD7E887EFB12F4C39 /* [CP] Check Pods Manifest.lock */ = {
			isa = PBXShellScriptBuildPhase;
			buildActionMask = 2147483647;
			files = (
			);
			inputFileListPaths = (
			);
			inputPaths = (
				"${PODS_PODFILE_DIR_PATH}/Podfile.lock",
				"${PODS_ROOT}/Manifest.lock",
			);
			name = "[CP] Check Pods Manifest.lock";
			outputFileListPaths = (
			);
			outputPaths = (
				"$(DERIVED_FILE_DIR)/Pods-Food Delivery Viper-checkManifestLockResult.txt",
			);
			runOnlyForDeploymentPostprocessing = 0;
			shellPath = /bin/sh;
			shellScript = "diff \"${PODS_PODFILE_DIR_PATH}/Podfile.lock\" \"${PODS_ROOT}/Manifest.lock\" > /dev/null\nif [ $? != 0 ] ; then\n    # print error to STDERR\n    echo \"error: The sandbox is not in sync with the Podfile.lock. Run 'pod install' or update your CocoaPods installation.\" >&2\n    exit 1\nfi\n# This output is used by Xcode 'outputs' to avoid re-running this script phase.\necho \"SUCCESS\" > \"${SCRIPT_OUTPUT_FILE_0}\"\n";
			showEnvVarsInLog = 0;
		};
/* End PBXShellScriptBuildPhase section */

/* Begin PBXSourcesBuildPhase section */
		2F8D3526279C1A640038A961 /* Sources */ = {
			isa = PBXSourcesBuildPhase;
			buildActionMask = 2147483647;
			files = (
				2F8D3532279C1A640038A961 /* ViewController.swift in Sources */,
				2F8D352E279C1A640038A961 /* AppDelegate.swift in Sources */,
				2F8D3530279C1A640038A961 /* SceneDelegate.swift in Sources */,
			);
			runOnlyForDeploymentPostprocessing = 0;
		};
/* End PBXSourcesBuildPhase section */

/* Begin PBXVariantGroup section */
		2F8D3533279C1A640038A961 /* Main.storyboard */ = {
			isa = PBXVariantGroup;
			children = (
				2F8D3534279C1A640038A961 /* Base */,
			);
			name = Main.storyboard;
			sourceTree = "<group>";
		};
		2F8D3538279C1A670038A961 /* LaunchScreen.storyboard */ = {
			isa = PBXVariantGroup;
			children = (
				2F8D3539279C1A670038A961 /* Base */,
			);
			name = LaunchScreen.storyboard;
			sourceTree = "<group>";
		};
/* End PBXVariantGroup section */

/* Begin XCBuildConfiguration section */
		2F8D353C279C1A670038A961 /* Debug */ = {
			isa = XCBuildConfiguration;
			buildSettings = {
				ALWAYS_SEARCH_USER_PATHS = NO;
				CLANG_ANALYZER_NONNULL = YES;
				CLANG_ANALYZER_NUMBER_OBJECT_CONVERSION = YES_AGGRESSIVE;
				CLANG_CXX_LANGUAGE_STANDARD = "gnu++17";
				CLANG_CXX_LIBRARY = "libc++";
				CLANG_ENABLE_MODULES = YES;
				CLANG_ENABLE_OBJC_ARC = YES;
				CLANG_ENABLE_OBJC_WEAK = YES;
				CLANG_WARN_BLOCK_CAPTURE_AUTORELEASING = YES;
				CLANG_WARN_BOOL_CONVERSION = YES;
				CLANG_WARN_COMMA = YES;
				CLANG_WARN_CONSTANT_CONVERSION = YES;
				CLANG_WARN_DEPRECATED_OBJC_IMPLEMENTATIONS = YES;
				CLANG_WARN_DIRECT_OBJC_ISA_USAGE = YES_ERROR;
				CLANG_WARN_DOCUMENTATION_COMMENTS = YES;
				CLANG_WARN_EMPTY_BODY = YES;
				CLANG_WARN_ENUM_CONVERSION = YES;
				CLANG_WARN_INFINITE_RECURSION = YES;
				CLANG_WARN_INT_CONVERSION = YES;
				CLANG_WARN_NON_LITERAL_NULL_CONVERSION = YES;
				CLANG_WARN_OBJC_IMPLICIT_RETAIN_SELF = YES;
				CLANG_WARN_OBJC_LITERAL_CONVERSION = YES;
				CLANG_WARN_OBJC_ROOT_CLASS = YES_ERROR;
				CLANG_WARN_QUOTED_INCLUDE_IN_FRAMEWORK_HEADER = YES;
				CLANG_WARN_RANGE_LOOP_ANALYSIS = YES;
				CLANG_WARN_STRICT_PROTOTYPES = YES;
				CLANG_WARN_SUSPICIOUS_MOVE = YES;
				CLANG_WARN_UNGUARDED_AVAILABILITY = YES_AGGRESSIVE;
				CLANG_WARN_UNREACHABLE_CODE = YES;
				CLANG_WARN__DUPLICATE_METHOD_MATCH = YES;
				COPY_PHASE_STRIP = NO;
				DEBUG_INFORMATION_FORMAT = dwarf;
				ENABLE_STRICT_OBJC_MSGSEND = YES;
				ENABLE_TESTABILITY = YES;
				GCC_C_LANGUAGE_STANDARD = gnu11;
				GCC_DYNAMIC_NO_PIC = NO;
				GCC_NO_COMMON_BLOCKS = YES;
				GCC_OPTIMIZATION_LEVEL = 0;
				GCC_PREPROCESSOR_DEFINITIONS = (
					"DEBUG=1",
					"$(inherited)",
				);
				GCC_WARN_64_TO_32_BIT_CONVERSION = YES;
				GCC_WARN_ABOUT_RETURN_TYPE = YES_ERROR;
				GCC_WARN_UNDECLARED_SELECTOR = YES;
				GCC_WARN_UNINITIALIZED_AUTOS = YES_AGGRESSIVE;
				GCC_WARN_UNUSED_FUNCTION = YES;
				GCC_WARN_UNUSED_VARIABLE = YES;
				IPHONEOS_DEPLOYMENT_TARGET = 15.2;
				MTL_ENABLE_DEBUG_INFO = INCLUDE_SOURCE;
				MTL_FAST_MATH = YES;
				ONLY_ACTIVE_ARCH = YES;
				SDKROOT = iphoneos;
				SWIFT_ACTIVE_COMPILATION_CONDITIONS = DEBUG;
				SWIFT_OPTIMIZATION_LEVEL = "-Onone";
			};
			name = Debug;
		};
		2F8D353D279C1A670038A961 /* Release */ = {
			isa = XCBuildConfiguration;
			buildSettings = {
				ALWAYS_SEARCH_USER_PATHS = NO;
				CLANG_ANALYZER_NONNULL = YES;
				CLANG_ANALYZER_NUMBER_OBJECT_CONVERSION = YES_AGGRESSIVE;
				CLANG_CXX_LANGUAGE_STANDARD = "gnu++17";
				CLANG_CXX_LIBRARY = "libc++";
				CLANG_ENABLE_MODULES = YES;
				CLANG_ENABLE_OBJC_ARC = YES;
				CLANG_ENABLE_OBJC_WEAK = YES;
				CLANG_WARN_BLOCK_CAPTURE_AUTORELEASING = YES;
				CLANG_WARN_BOOL_CONVERSION = YES;
				CLANG_WARN_COMMA = YES;
				CLANG_WARN_CONSTANT_CONVERSION = YES;
				CLANG_WARN_DEPRECATED_OBJC_IMPLEMENTATIONS = YES;
				CLANG_WARN_DIRECT_OBJC_ISA_USAGE = YES_ERROR;
				CLANG_WARN_DOCUMENTATION_COMMENTS = YES;
				CLANG_WARN_EMPTY_BODY = YES;
				CLANG_WARN_ENUM_CONVERSION = YES;
				CLANG_WARN_INFINITE_RECURSION = YES;
				CLANG_WARN_INT_CONVERSION = YES;
				CLANG_WARN_NON_LITERAL_NULL_CONVERSION = YES;
				CLANG_WARN_OBJC_IMPLICIT_RETAIN_SELF = YES;
				CLANG_WARN_OBJC_LITERAL_CONVERSION = YES;
				CLANG_WARN_OBJC_ROOT_CLASS = YES_ERROR;
				CLANG_WARN_QUOTED_INCLUDE_IN_FRAMEWORK_HEADER = YES;
				CLANG_WARN_RANGE_LOOP_ANALYSIS = YES;
				CLANG_WARN_STRICT_PROTOTYPES = YES;
				CLANG_WARN_SUSPICIOUS_MOVE = YES;
				CLANG_WARN_UNGUARDED_AVAILABILITY = YES_AGGRESSIVE;
				CLANG_WARN_UNREACHABLE_CODE = YES;
				CLANG_WARN__DUPLICATE_METHOD_MATCH = YES;
				COPY_PHASE_STRIP = NO;
				DEBUG_INFORMATION_FORMAT = "dwarf-with-dsym";
				ENABLE_NS_ASSERTIONS = NO;
				ENABLE_STRICT_OBJC_MSGSEND = YES;
				GCC_C_LANGUAGE_STANDARD = gnu11;
				GCC_NO_COMMON_BLOCKS = YES;
				GCC_WARN_64_TO_32_BIT_CONVERSION = YES;
				GCC_WARN_ABOUT_RETURN_TYPE = YES_ERROR;
				GCC_WARN_UNDECLARED_SELECTOR = YES;
				GCC_WARN_UNINITIALIZED_AUTOS = YES_AGGRESSIVE;
				GCC_WARN_UNUSED_FUNCTION = YES;
				GCC_WARN_UNUSED_VARIABLE = YES;
				IPHONEOS_DEPLOYMENT_TARGET = 15.2;
				MTL_ENABLE_DEBUG_INFO = NO;
				MTL_FAST_MATH = YES;
				SDKROOT = iphoneos;
				SWIFT_COMPILATION_MODE = wholemodule;
				SWIFT_OPTIMIZATION_LEVEL = "-O";
				VALIDATE_PRODUCT = YES;
			};
			name = Release;
		};
		2F8D353F279C1A670038A961 /* Debug */ = {
			isa = XCBuildConfiguration;
			baseConfigurationReference = 49A1A8BA6A09A9187FAC9AC4 /* Pods-Food Delivery Viper.debug.xcconfig */;
			buildSettings = {
				ASSETCATALOG_COMPILER_APPICON_NAME = AppIcon;
				ASSETCATALOG_COMPILER_GLOBAL_ACCENT_COLOR_NAME = AccentColor;
				CODE_SIGN_STYLE = Automatic;
				CURRENT_PROJECT_VERSION = 1;
				DEVELOPMENT_TEAM = 5GQP797UUR;
				GENERATE_INFOPLIST_FILE = YES;
				INFOPLIST_FILE = "Food Delivery Viper/Info.plist";
				INFOPLIST_KEY_UIApplicationSupportsIndirectInputEvents = YES;
				INFOPLIST_KEY_UILaunchStoryboardName = LaunchScreen;
				INFOPLIST_KEY_UIMainStoryboardFile = Main;
				INFOPLIST_KEY_UISupportedInterfaceOrientations = UIInterfaceOrientationPortrait;
				INFOPLIST_KEY_UISupportedInterfaceOrientations_iPad = "UIInterfaceOrientationPortrait UIInterfaceOrientationPortraitUpsideDown UIInterfaceOrientationLandscapeLeft UIInterfaceOrientationLandscapeRight";
				INFOPLIST_KEY_UISupportedInterfaceOrientations_iPhone = "UIInterfaceOrientationPortrait UIInterfaceOrientationLandscapeLeft UIInterfaceOrientationLandscapeRight";
				IPHONEOS_DEPLOYMENT_TARGET = 12.0;
				LD_RUNPATH_SEARCH_PATHS = (
					"$(inherited)",
					"@executable_path/Frameworks",
				);
				MARKETING_VERSION = 1.0;
				PRODUCT_BUNDLE_IDENTIFIER = "None.Food-Delivery-Viper";
				PRODUCT_NAME = "$(TARGET_NAME)";
				SWIFT_EMIT_LOC_STRINGS = YES;
				SWIFT_VERSION = 5.0;
				TARGETED_DEVICE_FAMILY = 1;
			};
			name = Debug;
		};
		2F8D3540279C1A670038A961 /* Release */ = {
			isa = XCBuildConfiguration;
			baseConfigurationReference = 177D113F811BBD8875FDD741 /* Pods-Food Delivery Viper.release.xcconfig */;
			buildSettings = {
				ASSETCATALOG_COMPILER_APPICON_NAME = AppIcon;
				ASSETCATALOG_COMPILER_GLOBAL_ACCENT_COLOR_NAME = AccentColor;
				CODE_SIGN_STYLE = Automatic;
				CURRENT_PROJECT_VERSION = 1;
				DEVELOPMENT_TEAM = 5GQP797UUR;
				GENERATE_INFOPLIST_FILE = YES;
				INFOPLIST_FILE = "Food Delivery Viper/Info.plist";
				INFOPLIST_KEY_UIApplicationSupportsIndirectInputEvents = YES;
				INFOPLIST_KEY_UILaunchStoryboardName = LaunchScreen;
				INFOPLIST_KEY_UIMainStoryboardFile = Main;
				INFOPLIST_KEY_UISupportedInterfaceOrientations = UIInterfaceOrientationPortrait;
				INFOPLIST_KEY_UISupportedInterfaceOrientations_iPad = "UIInterfaceOrientationPortrait UIInterfaceOrientationPortraitUpsideDown UIInterfaceOrientationLandscapeLeft UIInterfaceOrientationLandscapeRight";
				INFOPLIST_KEY_UISupportedInterfaceOrientations_iPhone = "UIInterfaceOrientationPortrait UIInterfaceOrientationLandscapeLeft UIInterfaceOrientationLandscapeRight";
				IPHONEOS_DEPLOYMENT_TARGET = 12.0;
				LD_RUNPATH_SEARCH_PATHS = (
					"$(inherited)",
					"@executable_path/Frameworks",
				);
				MARKETING_VERSION = 1.0;
				PRODUCT_BUNDLE_IDENTIFIER = "None.Food-Delivery-Viper";
				PRODUCT_NAME = "$(TARGET_NAME)";
				SWIFT_EMIT_LOC_STRINGS = YES;
				SWIFT_VERSION = 5.0;
				TARGETED_DEVICE_FAMILY = 1;
			};
			name = Release;
		};
/* End XCBuildConfiguration section */

/* Begin XCConfigurationList section */
		2F8D3525279C1A640038A961 /* Build configuration list for PBXProject "Food Delivery Viper" */ = {
			isa = XCConfigurationList;
			buildConfigurations = (
				2F8D353C279C1A670038A961 /* Debug */,
				2F8D353D279C1A670038A961 /* Release */,
			);
			defaultConfigurationIsVisible = 0;
			defaultConfigurationName = Release;
		};
		2F8D353E279C1A670038A961 /* Build configuration list for PBXNativeTarget "Food Delivery Viper" */ = {
			isa = XCConfigurationList;
			buildConfigurations = (
				2F8D353F279C1A670038A961 /* Debug */,
				2F8D3540279C1A670038A961 /* Release */,
			);
			defaultConfigurationIsVisible = 0;
			defaultConfigurationName = Release;
		};
/* End XCConfigurationList section */
	};
	rootObject = 2F8D3522279C1A640038A961 /* Project object */;
}
